
Microsoft Visual Studio Solution File, Format Version 12.00
# Visual Studio 15
VisualStudioVersion = 15.0.28307.489
MinimumVisualStudioVersion = 10.0.40219.1
Project("{FAE04EC0-301F-11D3-BF4B-00C04F79EFBC}") = "SerquestCMS", "SerquestCMS\SerquestCMS.csproj", "{DE15C049-F37C-4E84-B181-E784CD9C4C2B}"
EndProject
Global
	GlobalSection(SolutionConfigurationPlatforms) = preSolution
		Debug|Any CPU = Debug|Any CPU
		Release|Any CPU = Release|Any CPU
	EndGlobalSection
	GlobalSection(ProjectConfigurationPlatforms) = postSolution
		{DE15C049-F37C-4E84-B181-E784CD9C4C2B}.Debug|Any CPU.ActiveCfg = Debug|Any CPU
		{DE15C049-F37C-4E84-B181-E784CD9C4C2B}.Debug|Any CPU.Build.0 = Debug|Any CPU
		{DE15C049-F37C-4E84-B181-E784CD9C4C2B}.Release|Any CPU.ActiveCfg = Release|Any CPU
		{DE15C049-F37C-4E84-B181-E784CD9C4C2B}.Release|Any CPU.Build.0 = Release|Any CPU
	EndGlobalSection
	GlobalSection(SolutionProperties) = preSolution
		HideSolutionNode = FALSE
	EndGlobalSection
	GlobalSection(ExtensibilityGlobals) = postSolution
		SolutionGuid = {1F30DEF5-422A-4E9E-B508-9AD1926EBE51}
	EndGlobalSection
EndGlobal
